// !$*UTF8*$!
{
	archiveVersion = 1;
	classes = {
	};
	objectVersion = 50;
	objects = {

/* Begin PBXBuildFile section */
		3826E2B8216358DF00E98CBE /* LucidTableViewController.swift in Sources */ = {isa = PBXBuildFile; fileRef = 3826E2B7216358DF00E98CBE /* LucidTableViewController.swift */; };
		3826E2BA216358F100E98CBE /* LucidTableViewCell.swift in Sources */ = {isa = PBXBuildFile; fileRef = 3826E2B9216358F100E98CBE /* LucidTableViewCell.swift */; };
		3826E2BC216366C200E98CBE /* FavCreatureTableViewController.swift in Sources */ = {isa = PBXBuildFile; fileRef = 3826E2BB216366C200E98CBE /* FavCreatureTableViewController.swift */; };
		38D8D85E21626EA70073962D /* AppDelegate.swift in Sources */ = {isa = PBXBuildFile; fileRef = 38D8D85D21626EA70073962D /* AppDelegate.swift */; };
		38D8D86321626EA70073962D /* Main.storyboard in Resources */ = {isa = PBXBuildFile; fileRef = 38D8D86121626EA70073962D /* Main.storyboard */; };
		38D8D86521626EA90073962D /* Assets.xcassets in Resources */ = {isa = PBXBuildFile; fileRef = 38D8D86421626EA90073962D /* Assets.xcassets */; };
		38D8D86821626EA90073962D /* LaunchScreen.storyboard in Resources */ = {isa = PBXBuildFile; fileRef = 38D8D86621626EA90073962D /* LaunchScreen.storyboard */; };
/* End PBXBuildFile section */

/* Begin PBXFileReference section */
		3826E2B7216358DF00E98CBE /* LucidTableViewController.swift */ = {isa = PBXFileReference; lastKnownFileType = sourcecode.swift; name = LucidTableViewController.swift; path = "Supporting Files/LucidTableViewController.swift"; sourceTree = "<group>"; };
		3826E2B9216358F100E98CBE /* LucidTableViewCell.swift */ = {isa = PBXFileReference; lastKnownFileType = sourcecode.swift; path = LucidTableViewCell.swift; sourceTree = "<group>"; };
		3826E2BB216366C200E98CBE /* FavCreatureTableViewController.swift */ = {isa = PBXFileReference; lastKnownFileType = sourcecode.swift; path = FavCreatureTableViewController.swift; sourceTree = "<group>"; };
		38D8D85A21626EA70073962D /* LucidDreams.app */ = {isa = PBXFileReference; explicitFileType = wrapper.application; includeInIndex = 0; path = LucidDreams.app; sourceTree = BUILT_PRODUCTS_DIR; };
		38D8D85D21626EA70073962D /* AppDelegate.swift */ = {isa = PBXFileReference; lastKnownFileType = sourcecode.swift; path = AppDelegate.swift; sourceTree = "<group>"; };
		38D8D86221626EA70073962D /* Base */ = {isa = PBXFileReference; lastKnownFileType = file.storyboard; name = Base; path = Base.lproj/Main.storyboard; sourceTree = "<group>"; };
		38D8D86421626EA90073962D /* Assets.xcassets */ = {isa = PBXFileReference; lastKnownFileType = folder.assetcatalog; path = Assets.xcassets; sourceTree = "<group>"; };
		38D8D86721626EA90073962D /* Base */ = {isa = PBXFileReference; lastKnownFileType = file.storyboard; name = Base; path = Base.lproj/LaunchScreen.storyboard; sourceTree = "<group>"; };
		38D8D86921626EA90073962D /* Info.plist */ = {isa = PBXFileReference; lastKnownFileType = text.plist.xml; path = Info.plist; sourceTree = "<group>"; };
/* End PBXFileReference section */

/* Begin PBXFrameworksBuildPhase section */
		38D8D85721626EA70073962D /* Frameworks */ = {
			isa = PBXFrameworksBuildPhase;
			buildActionMask = 2147483647;
			files = (
			);
			runOnlyForDeploymentPostprocessing = 0;
		};
/* End PBXFrameworksBuildPhase section */

/* Begin PBXGroup section */
		38D8D85121626EA70073962D = {
			isa = PBXGroup;
			children = (
				38D8D85C21626EA70073962D /* LucidDreams */,
				38D8D85B21626EA70073962D /* Products */,
			);
			sourceTree = "<group>";
		};
		38D8D85B21626EA70073962D /* Products */ = {
			isa = PBXGroup;
			children = (
				38D8D85A21626EA70073962D /* LucidDreams.app */,
			);
			name = Products;
			sourceTree = "<group>";
		};
		38D8D85C21626EA70073962D /* LucidDreams */ = {
			isa = PBXGroup;
			children = (
				38D8D86F21626EE10073962D /* Supporting Files */,
				38D8D86121626EA70073962D /* Main.storyboard */,
				38D8D86921626EA90073962D /* Info.plist */,
				3826E2B9216358F100E98CBE /* LucidTableViewCell.swift */,
				3826E2B7216358DF00E98CBE /* LucidTableViewController.swift */,
				3826E2BB216366C200E98CBE /* FavCreatureTableViewController.swift */,
			);
			path = LucidDreams;
			sourceTree = "<group>";
		};
		38D8D86F21626EE10073962D /* Supporting Files */ = {
			isa = PBXGroup;
			children = (
				38D8D85D21626EA70073962D /* AppDelegate.swift */,
				38D8D86421626EA90073962D /* Assets.xcassets */,
				38D8D86621626EA90073962D /* LaunchScreen.storyboard */,
			);
			path = "Supporting Files";
			sourceTree = "<group>";
		};
/* End PBXGroup section */

/* Begin PBXNativeTarget section */
		38D8D85921626EA70073962D /* LucidDreams */ = {
			isa = PBXNativeTarget;
			buildConfigurationList = 38D8D86C21626EA90073962D /* Build configuration list for PBXNativeTarget "LucidDreams" */;
			buildPhases = (
				38D8D85621626EA70073962D /* Sources */,
				38D8D85721626EA70073962D /* Frameworks */,
				38D8D85821626EA70073962D /* Resources */,
			);
			buildRules = (
			);
			dependencies = (
			);
			name = LucidDreams;
			productName = LucidDreams;
			productReference = 38D8D85A21626EA70073962D /* LucidDreams.app */;
			productType = "com.apple.product-type.application";
		};
/* End PBXNativeTarget section */

/* Begin PBXProject section */
		38D8D85221626EA70073962D /* Project object */ = {
			isa = PBXProject;
			attributes = {
				LastSwiftUpdateCheck = 0930;
				LastUpgradeCheck = 0930;
				ORGANIZATIONNAME = "Paula Boules";
				TargetAttributes = {
					38D8D85921626EA70073962D = {
						CreatedOnToolsVersion = 9.3;
					};
				};
			};
			buildConfigurationList = 38D8D85521626EA70073962D /* Build configuration list for PBXProject "LucidDreams" */;
			compatibilityVersion = "Xcode 9.3";
			developmentRegion = en;
			hasScannedForEncodings = 0;
			knownRegions = (
				en,
				Base,
			);
			mainGroup = 38D8D85121626EA70073962D;
			productRefGroup = 38D8D85B21626EA70073962D /* Products */;
			projectDirPath = "";
			projectRoot = "";
			targets = (
				38D8D85921626EA70073962D /* LucidDreams */,
			);
		};
/* End PBXProject section */

/* Begin PBXResourcesBuildPhase section */
		38D8D85821626EA70073962D /* Resources */ = {
			isa = PBXResourcesBuildPhase;
			buildActionMask = 2147483647;
			files = (
				38D8D86821626EA90073962D /* LaunchScreen.storyboard in Resources */,
				38D8D86521626EA90073962D /* Assets.xcassets in Resources */,
				38D8D86321626EA70073962D /* Main.storyboard in Resources */,
			);
			runOnlyForDeploymentPostprocessing = 0;
		};
/* End PBXResourcesBuildPhase section */

/* Begin PBXSourcesBuildPhase section */
		38D8D85621626EA70073962D /* Sources */ = {
			isa = PBXSourcesBuildPhase;
			buildActionMask = 2147483647;
			files = (
				38D8D85E21626EA70073962D /* AppDelegate.swift in Sources */,
				3826E2BA216358F100E98CBE /* LucidTableViewCell.swift in Sources */,
				3826E2BC216366C200E98CBE /* FavCreatureTableViewController.swift in Sources */,
				3826E2B8216358DF00E98CBE /* LucidTableViewController.swift in Sources */,
			);
			runOnlyForDeploymentPostprocessing = 0;
		};
/* End PBXSourcesBuildPhase section */

/* Begin PBXVariantGroup section */
		38D8D86121626EA70073962D /* Main.storyboard */ = {
			isa = PBXVariantGroup;
			children = (
				38D8D86221626EA70073962D /* Base */,
			);
			name = Main.storyboard;
			sourceTree = "<group>";
		};
		38D8D86621626EA90073962D /* LaunchScreen.storyboard */ = {
			isa = PBXVariantGroup;
			children = (
				38D8D86721626EA90073962D /* Base */,
			);
			name = LaunchScreen.storyboard;
			sourceTree = "<group>";
		};
/* End PBXVariantGroup section */

/* Begin XCBuildConfiguration section */
		38D8D86A21626EA90073962D /* Debug */ = {
			isa = XCBuildConfiguration;
			buildSettings = {
				ALWAYS_SEARCH_USER_PATHS = NO;
				CLANG_ANALYZER_NONNULL = YES;
				CLANG_ANALYZER_NUMBER_OBJECT_CONVERSION = YES_AGGRESSIVE;
				CLANG_CXX_LANGUAGE_STANDARD = "gnu++14";
				CLANG_CXX_LIBRARY = "libc++";
				CLANG_ENABLE_MODULES = YES;
				CLANG_ENABLE_OBJC_ARC = YES;
				CLANG_ENABLE_OBJC_WEAK = YES;
				CLANG_WARN_BLOCK_CAPTURE_AUTORELEASING = YES;
				CLANG_WARN_BOOL_CONVERSION = YES;
				CLANG_WARN_COMMA = YES;
				CLANG_WARN_CONSTANT_CONVERSION = YES;
				CLANG_WARN_DEPRECATED_OBJC_IMPLEMENTATIONS = YES;
				CLANG_WARN_DIRECT_OBJC_ISA_USAGE = YES_ERROR;
				CLANG_WARN_DOCUMENTATION_COMMENTS = YES;
				CLANG_WARN_EMPTY_BODY = YES;
				CLANG_WARN_ENUM_CONVERSION = YES;
				CLANG_WARN_INFINITE_RECURSION = YES;
				CLANG_WARN_INT_CONVERSION = YES;
				CLANG_WARN_NON_LITERAL_NULL_CONVERSION = YES;
				CLANG_WARN_OBJC_IMPLICIT_RETAIN_SELF = YES;
				CLANG_WARN_OBJC_LITERAL_CONVERSION = YES;
				CLANG_WARN_OBJC_ROOT_CLASS = YES_ERROR;
				CLANG_WARN_RANGE_LOOP_ANALYSIS = YES;
				CLANG_WARN_STRICT_PROTOTYPES = YES;
				CLANG_WARN_SUSPICIOUS_MOVE = YES;
				CLANG_WARN_UNGUARDED_AVAILABILITY = YES_AGGRESSIVE;
				CLANG_WARN_UNREACHABLE_CODE = YES;
				CLANG_WARN__DUPLICATE_METHOD_MATCH = YES;
				CODE_SIGN_IDENTITY = "iPhone Developer";
				COPY_PHASE_STRIP = NO;
				DEBUG_INFORMATION_FORMAT = dwarf;
				ENABLE_STRICT_OBJC_MSGSEND = YES;
				ENABLE_TESTABILITY = YES;
				GCC_C_LANGUAGE_STANDARD = gnu11;
				GCC_DYNAMIC_NO_PIC = NO;
				GCC_NO_COMMON_BLOCKS = YES;
				GCC_OPTIMIZATION_LEVEL = 0;
				GCC_PREPROCESSOR_DEFINITIONS = (
					"DEBUG=1",
					"$(inherited)",
				);
				GCC_WARN_64_TO_32_BIT_CONVERSION = YES;
				GCC_WARN_ABOUT_RETURN_TYPE = YES_ERROR;
				GCC_WARN_UNDECLARED_SELECTOR = YES;
				GCC_WARN_UNINITIALIZED_AUTOS = YES_AGGRESSIVE;
				GCC_WARN_UNUSED_FUNCTION = YES;
				GCC_WARN_UNUSED_VARIABLE = YES;
				IPHONEOS_DEPLOYMENT_TARGET = 11.3;
				MTL_ENABLE_DEBUG_INFO = YES;
				ONLY_ACTIVE_ARCH = YES;
				SDKROOT = iphoneos;
				SWIFT_ACTIVE_COMPILATION_CONDITIONS = DEBUG;
				SWIFT_OPTIMIZATION_LEVEL = "-Onone";
			};
			name = Debug;
		};
		38D8D86B21626EA90073962D /* Release */ = {
			isa = XCBuildConfiguration;
			buildSettings = {
				ALWAYS_SEARCH_USER_PATHS = NO;
				CLANG_ANALYZER_NONNULL = YES;
				CLANG_ANALYZER_NUMBER_OBJECT_CONVERSION = YES_AGGRESSIVE;
				CLANG_CXX_LANGUAGE_STANDARD = "gnu++14";
				CLANG_CXX_LIBRARY = "libc++";
				CLANG_ENABLE_MODULES = YES;
				CLANG_ENABLE_OBJC_ARC = YES;
				CLANG_ENABLE_OBJC_WEAK = YES;
				CLANG_WARN_BLOCK_CAPTURE_AUTORELEASING = YES;
				CLANG_WARN_BOOL_CONVERSION = YES;
				CLANG_WARN_COMMA = YES;
				CLANG_WARN_CONSTANT_CONVERSION = YES;
				CLANG_WARN_DEPRECATED_OBJC_IMPLEMENTATIONS = YES;
				CLANG_WARN_DIRECT_OBJC_ISA_USAGE = YES_ERROR;
				CLANG_WARN_DOCUMENTATION_COMMENTS = YES;
				CLANG_WARN_EMPTY_BODY = YES;
				CLANG_WARN_ENUM_CONVERSION = YES;
				CLANG_WARN_INFINITE_RECURSION = YES;
				CLANG_WARN_INT_CONVERSION = YES;
				CLANG_WARN_NON_LITERAL_NULL_CONVERSION = YES;
				CLANG_WARN_OBJC_IMPLICIT_RETAIN_SELF = YES;
				CLANG_WARN_OBJC_LITERAL_CONVERSION = YES;
				CLANG_WARN_OBJC_ROOT_CLASS = YES_ERROR;
				CLANG_WARN_RANGE_LOOP_ANALYSIS = YES;
				CLANG_WARN_STRICT_PROTOTYPES = YES;
				CLANG_WARN_SUSPICIOUS_MOVE = YES;
				CLANG_WARN_UNGUARDED_AVAILABILITY = YES_AGGRESSIVE;
				CLANG_WARN_UNREACHABLE_CODE = YES;
				CLANG_WARN__DUPLICATE_METHOD_MATCH = YES;
				CODE_SIGN_IDENTITY = "iPhone Developer";
				COPY_PHASE_STRIP = NO;
				DEBUG_INFORMATION_FORMAT = "dwarf-with-dsym";
				ENABLE_NS_ASSERTIONS = NO;
				ENABLE_STRICT_OBJC_MSGSEND = YES;
				GCC_C_LANGUAGE_STANDARD = gnu11;
				GCC_NO_COMMON_BLOCKS = YES;
				GCC_WARN_64_TO_32_BIT_CONVERSION = YES;
				GCC_WARN_ABOUT_RETURN_TYPE = YES_ERROR;
				GCC_WARN_UNDECLARED_SELECTOR = YES;
				GCC_WARN_UNINITIALIZED_AUTOS = YES_AGGRESSIVE;
				GCC_WARN_UNUSED_FUNCTION = YES;
				GCC_WARN_UNUSED_VARIABLE = YES;
				IPHONEOS_DEPLOYMENT_TARGET = 11.3;
				MTL_ENABLE_DEBUG_INFO = NO;
				SDKROOT = iphoneos;
				SWIFT_COMPILATION_MODE = wholemodule;
				SWIFT_OPTIMIZATION_LEVEL = "-O";
				VALIDATE_PRODUCT = YES;
			};
			name = Release;
		};
		38D8D86D21626EA90073962D /* Debug */ = {
			isa = XCBuildConfiguration;
			buildSettings = {
				ASSETCATALOG_COMPILER_APPICON_NAME = AppIcon;
				CODE_SIGN_STYLE = Automatic;
				INFOPLIST_FILE = LucidDreams/Info.plist;
				LD_RUNPATH_SEARCH_PATHS = (
					"$(inherited)",
					"@executable_path/Frameworks",
				);
				PRODUCT_BUNDLE_IDENTIFIER = com.pharos.paula.LucidDreams;
				PRODUCT_NAME = "$(TARGET_NAME)";
				SWIFT_VERSION = 4.0;
				TARGETED_DEVICE_FAMILY = "1,2";
			};
			name = Debug;
		};
		38D8D86E21626EA90073962D /* Release */ = {
			isa = XCBuildConfiguration;
			buildSettings = {
				ASSETCATALOG_COMPILER_APPICON_NAME = AppIcon;
				CODE_SIGN_STYLE = Automatic;
				INFOPLIST_FILE = LucidDreams/Info.plist;
				LD_RUNPATH_SEARCH_PATHS = (
					"$(inherited)",
					"@executable_path/Frameworks",
				);
				PRODUCT_BUNDLE_IDENTIFIER = com.pharos.paula.LucidDreams;
				PRODUCT_NAME = "$(TARGET_NAME)";
				SWIFT_VERSION = 4.0;
				TARGETED_DEVICE_FAMILY = "1,2";
			};
			name = Release;
		};
/* End XCBuildConfiguration section */

/* Begin XCConfigurationList section */
		38D8D85521626EA70073962D /* Build configuration list for PBXProject "LucidDreams" */ = {
			isa = XCConfigurationList;
			buildConfigurations = (
				38D8D86A21626EA90073962D /* Debug */,
				38D8D86B21626EA90073962D /* Release */,
			);
			defaultConfigurationIsVisible = 0;
			defaultConfigurationName = Release;
		};
		38D8D86C21626EA90073962D /* Build configuration list for PBXNativeTarget "LucidDreams" */ = {
			isa = XCConfigurationList;
			buildConfigurations = (
				38D8D86D21626EA90073962D /* Debug */,
				38D8D86E21626EA90073962D /* Release */,
			);
			defaultConfigurationIsVisible = 0;
			defaultConfigurationName = Release;
		};
/* End XCConfigurationList section */
	};
	rootObject = 38D8D85221626EA70073962D /* Project object */;
}
